
Microsoft Visual Studio Solution File, Format Version 12.00
# Visual Studio 15
VisualStudioVersion = 15.0.28307.902
MinimumVisualStudioVersion = 10.0.40219.1
Project("{FAE04EC0-301F-11D3-BF4B-00C04F79EFBC}") = "MyThienWeb", "MyThienWeb\MyThienWeb.csproj", "{DF4624F1-4C2D-4AA9-8C4E-F6A0B917A7E1}"
EndProject
Project("{2150E333-8FDC-42A3-9474-1A3956D46DE8}") = "ConnectDB", "ConnectDB", "{2C2E8199-4044-4EB9-8AF1-B1DF20F2535D}"
EndProject
Project("{FAE04EC0-301F-11D3-BF4B-00C04F79EFBC}") = "ConnectDataBase", "ClassLibrary1\ConnectDataBase.csproj", "{8F6D4DAD-01F1-4941-9CB6-18B28DF63985}"
EndProject
Project("{2150E333-8FDC-42A3-9474-1A3956D46DE8}") = "Domain", "Domain", "{0E22EC18-E87B-4C07-8B5C-E88D9D463D6B}"
EndProject
Project("{FAE04EC0-301F-11D3-BF4B-00C04F79EFBC}") = "VienPhi", "VienPhi\VienPhi.csproj", "{3933EE04-1DA9-496B-9AED-C1565168E012}"
EndProject
Project("{2150E333-8FDC-42A3-9474-1A3956D46DE8}") = "Repository", "Repository", "{2F7EF728-E660-4DCA-9990-AF0D10C064EF}"
EndProject
Project("{FAE04EC0-301F-11D3-BF4B-00C04F79EFBC}") = "VienPhiRepository", "VienPhiRepository\VienPhiRepository.csproj", "{2560CE07-593F-4088-9D68-979528D2E9EB}"
EndProject
Project("{FAE04EC0-301F-11D3-BF4B-00C04F79EFBC}") = "DatLich", "Ngaythang\DatLich.csproj", "{C2C3EA5A-DE1D-4F5B-981E-94E385B35C67}"
EndProject
Project("{FAE04EC0-301F-11D3-BF4B-00C04F79EFBC}") = "DatLichBusiness", "ClassLibrary2\DatLichBusiness.csproj", "{EB4A267A-7507-477B-A93D-71A875E202EA}"
EndProject
Project("{FAE04EC0-301F-11D3-BF4B-00C04F79EFBC}") = "DatLichRepo", "DatLichRepo\DatLichRepo.csproj", "{39FA3914-DCB1-4F56-AA62-3D0EF2A1F1B4}"
EndProject
Global
	GlobalSection(SolutionConfigurationPlatforms) = preSolution
		Debug|Any CPU = Debug|Any CPU
		Release|Any CPU = Release|Any CPU
	EndGlobalSection
	GlobalSection(ProjectConfigurationPlatforms) = postSolution
		{DF4624F1-4C2D-4AA9-8C4E-F6A0B917A7E1}.Debug|Any CPU.ActiveCfg = Debug|Any CPU
		{DF4624F1-4C2D-4AA9-8C4E-F6A0B917A7E1}.Debug|Any CPU.Build.0 = Debug|Any CPU
		{DF4624F1-4C2D-4AA9-8C4E-F6A0B917A7E1}.Release|Any CPU.ActiveCfg = Release|Any CPU
		{DF4624F1-4C2D-4AA9-8C4E-F6A0B917A7E1}.Release|Any CPU.Build.0 = Release|Any CPU
		{8F6D4DAD-01F1-4941-9CB6-18B28DF63985}.Debug|Any CPU.ActiveCfg = Debug|Any CPU
		{8F6D4DAD-01F1-4941-9CB6-18B28DF63985}.Debug|Any CPU.Build.0 = Debug|Any CPU
		{8F6D4DAD-01F1-4941-9CB6-18B28DF63985}.Release|Any CPU.ActiveCfg = Release|Any CPU
		{8F6D4DAD-01F1-4941-9CB6-18B28DF63985}.Release|Any CPU.Build.0 = Release|Any CPU
		{3933EE04-1DA9-496B-9AED-C1565168E012}.Debug|Any CPU.ActiveCfg = Debug|Any CPU
		{3933EE04-1DA9-496B-9AED-C1565168E012}.Debug|Any CPU.Build.0 = Debug|Any CPU
		{3933EE04-1DA9-496B-9AED-C1565168E012}.Release|Any CPU.ActiveCfg = Release|Any CPU
		{3933EE04-1DA9-496B-9AED-C1565168E012}.Release|Any CPU.Build.0 = Release|Any CPU
		{2560CE07-593F-4088-9D68-979528D2E9EB}.Debug|Any CPU.ActiveCfg = Debug|Any CPU
		{2560CE07-593F-4088-9D68-979528D2E9EB}.Debug|Any CPU.Build.0 = Debug|Any CPU
		{2560CE07-593F-4088-9D68-979528D2E9EB}.Release|Any CPU.ActiveCfg = Release|Any CPU
		{2560CE07-593F-4088-9D68-979528D2E9EB}.Release|Any CPU.Build.0 = Release|Any CPU
		{C2C3EA5A-DE1D-4F5B-981E-94E385B35C67}.Debug|Any CPU.ActiveCfg = Debug|Any CPU
		{C2C3EA5A-DE1D-4F5B-981E-94E385B35C67}.Debug|Any CPU.Build.0 = Debug|Any CPU
		{C2C3EA5A-DE1D-4F5B-981E-94E385B35C67}.Release|Any CPU.ActiveCfg = Release|Any CPU
		{C2C3EA5A-DE1D-4F5B-981E-94E385B35C67}.Release|Any CPU.Build.0 = Release|Any CPU
		{EB4A267A-7507-477B-A93D-71A875E202EA}.Debug|Any CPU.ActiveCfg = Debug|Any CPU
		{EB4A267A-7507-477B-A93D-71A875E202EA}.Debug|Any CPU.Build.0 = Debug|Any CPU
		{EB4A267A-7507-477B-A93D-71A875E202EA}.Release|Any CPU.ActiveCfg = Release|Any CPU
		{EB4A267A-7507-477B-A93D-71A875E202EA}.Release|Any CPU.Build.0 = Release|Any CPU
		{39FA3914-DCB1-4F56-AA62-3D0EF2A1F1B4}.Debug|Any CPU.ActiveCfg = Debug|Any CPU
		{39FA3914-DCB1-4F56-AA62-3D0EF2A1F1B4}.Debug|Any CPU.Build.0 = Debug|Any CPU
		{39FA3914-DCB1-4F56-AA62-3D0EF2A1F1B4}.Release|Any CPU.ActiveCfg = Release|Any CPU
		{39FA3914-DCB1-4F56-AA62-3D0EF2A1F1B4}.Release|Any CPU.Build.0 = Release|Any CPU
	EndGlobalSection
	GlobalSection(SolutionProperties) = preSolution
		HideSolutionNode = FALSE
	EndGlobalSection
	GlobalSection(NestedProjects) = preSolution
		{8F6D4DAD-01F1-4941-9CB6-18B28DF63985} = {2C2E8199-4044-4EB9-8AF1-B1DF20F2535D}
		{3933EE04-1DA9-496B-9AED-C1565168E012} = {0E22EC18-E87B-4C07-8B5C-E88D9D463D6B}
		{2560CE07-593F-4088-9D68-979528D2E9EB} = {2F7EF728-E660-4DCA-9990-AF0D10C064EF}
		{C2C3EA5A-DE1D-4F5B-981E-94E385B35C67} = {0E22EC18-E87B-4C07-8B5C-E88D9D463D6B}
		{EB4A267A-7507-477B-A93D-71A875E202EA} = {0E22EC18-E87B-4C07-8B5C-E88D9D463D6B}
		{39FA3914-DCB1-4F56-AA62-3D0EF2A1F1B4} = {2F7EF728-E660-4DCA-9990-AF0D10C064EF}
	EndGlobalSection
	GlobalSection(ExtensibilityGlobals) = postSolution
		SolutionGuid = {AD296AC5-7C1C-4E0F-9B22-379AFA0EB823}
	EndGlobalSection
EndGlobal
